
Microsoft Visual Studio Solution File, Format Version 12.00
# Visual Studio Version 16
VisualStudioVersion = 16.0.31624.102
MinimumVisualStudioVersion = 10.0.40219.1
Project("{FAE04EC0-301F-11D3-BF4B-00C04F79EFBC}") = "AssigmentDay13", "AssigmentDay13\AssigmentDay13.csproj", "{D6DDC331-DFC0-42AF-8C39-D2717D73B8C2}"
EndProject
Global
	GlobalSection(SolutionConfigurationPlatforms) = preSolution
		Debug|Any CPU = Debug|Any CPU
		Release|Any CPU = Release|Any CPU
	EndGlobalSection
	GlobalSection(ProjectConfigurationPlatforms) = postSolution
		{D6DDC331-DFC0-42AF-8C39-D2717D73B8C2}.Debug|Any CPU.ActiveCfg = Debug|Any CPU
		{D6DDC331-DFC0-42AF-8C39-D2717D73B8C2}.Debug|Any CPU.Build.0 = Debug|Any CPU
		{D6DDC331-DFC0-42AF-8C39-D2717D73B8C2}.Release|Any CPU.ActiveCfg = Release|Any CPU
		{D6DDC331-DFC0-42AF-8C39-D2717D73B8C2}.Release|Any CPU.Build.0 = Release|Any CPU
	EndGlobalSection
	GlobalSection(SolutionProperties) = preSolution
		HideSolutionNode = FALSE
	EndGlobalSection
	GlobalSection(ExtensibilityGlobals) = postSolution
		SolutionGuid = {09B71290-3300-4C56-A2C0-08D29F958EF6}
	EndGlobalSection
EndGlobal
